
Microsoft Visual Studio Solution File, Format Version 12.00
# Visual Studio 2015
Project("{FAE04EC0-301F-11D3-BF4B-00C04F79EFBC}") = "2017SeogangDae", "2017SeogangDae.csproj", "{7F29C680-6482-914D-4F0E-896F9868A6E1}"
EndProject
Project("{FAE04EC0-301F-11D3-BF4B-00C04F79EFBC}") = "2017SeogangDae.Editor", "2017SeogangDae.Editor.csproj", "{A05942A0-FE82-5E49-D3BC-C2BDB5869BCB}"
EndProject
Global
	GlobalSection(SolutionConfigurationPlatforms) = preSolution
		Debug|Any CPU = Debug|Any CPU
		Release|Any CPU = Release|Any CPU
	EndGlobalSection
	GlobalSection(ProjectConfigurationPlatforms) = postSolution
		{7F29C680-6482-914D-4F0E-896F9868A6E1}.Debug|Any CPU.ActiveCfg = Debug|Any CPU
		{7F29C680-6482-914D-4F0E-896F9868A6E1}.Debug|Any CPU.Build.0 = Debug|Any CPU
		{7F29C680-6482-914D-4F0E-896F9868A6E1}.Release|Any CPU.ActiveCfg = Release|Any CPU
		{7F29C680-6482-914D-4F0E-896F9868A6E1}.Release|Any CPU.Build.0 = Release|Any CPU
		{A05942A0-FE82-5E49-D3BC-C2BDB5869BCB}.Debug|Any CPU.ActiveCfg = Debug|Any CPU
		{A05942A0-FE82-5E49-D3BC-C2BDB5869BCB}.Debug|Any CPU.Build.0 = Debug|Any CPU
		{A05942A0-FE82-5E49-D3BC-C2BDB5869BCB}.Release|Any CPU.ActiveCfg = Release|Any CPU
		{A05942A0-FE82-5E49-D3BC-C2BDB5869BCB}.Release|Any CPU.Build.0 = Release|Any CPU
	EndGlobalSection
	GlobalSection(SolutionProperties) = preSolution
		HideSolutionNode = FALSE
	EndGlobalSection
EndGlobal
