
Microsoft Visual Studio Solution File, Format Version 12.00
# Visual Studio 2015
Project("{FAE04EC0-301F-11D3-BF4B-00C04F79EFBC}") = "SeogangDae", "SeogangDae.csproj", "{92671BDF-E84F-FDB7-D85A-3CA2D4F4018B}"
EndProject
Project("{FAE04EC0-301F-11D3-BF4B-00C04F79EFBC}") = "SeogangDae.Editor", "SeogangDae.Editor.csproj", "{28FE8BEC-CBD6-2D3E-3667-34404E6FDAE1}"
EndProject
Global
	GlobalSection(SolutionConfigurationPlatforms) = preSolution
		Debug|Any CPU = Debug|Any CPU
		Release|Any CPU = Release|Any CPU
	EndGlobalSection
	GlobalSection(ProjectConfigurationPlatforms) = postSolution
		{92671BDF-E84F-FDB7-D85A-3CA2D4F4018B}.Debug|Any CPU.ActiveCfg = Debug|Any CPU
		{92671BDF-E84F-FDB7-D85A-3CA2D4F4018B}.Debug|Any CPU.Build.0 = Debug|Any CPU
		{92671BDF-E84F-FDB7-D85A-3CA2D4F4018B}.Release|Any CPU.ActiveCfg = Release|Any CPU
		{92671BDF-E84F-FDB7-D85A-3CA2D4F4018B}.Release|Any CPU.Build.0 = Release|Any CPU
		{28FE8BEC-CBD6-2D3E-3667-34404E6FDAE1}.Debug|Any CPU.ActiveCfg = Debug|Any CPU
		{28FE8BEC-CBD6-2D3E-3667-34404E6FDAE1}.Debug|Any CPU.Build.0 = Debug|Any CPU
		{28FE8BEC-CBD6-2D3E-3667-34404E6FDAE1}.Release|Any CPU.ActiveCfg = Release|Any CPU
		{28FE8BEC-CBD6-2D3E-3667-34404E6FDAE1}.Release|Any CPU.Build.0 = Release|Any CPU
	EndGlobalSection
	GlobalSection(SolutionProperties) = preSolution
		HideSolutionNode = FALSE
	EndGlobalSection
EndGlobal
